
Microsoft Visual Studio Solution File, Format Version 12.00
# Visual Studio Version 16
VisualStudioVersion = 16.0.29806.167
MinimumVisualStudioVersion = 10.0.40219.1
Project("{FAE04EC0-301F-11D3-BF4B-00C04F79EFBC}") = "Randy", "Randy\Randy.csproj", "{1CAD8464-6CE8-4B6F-BB2A-E32B9D6FF113}"
EndProject
Global
	GlobalSection(SolutionConfigurationPlatforms) = preSolution
		Debug|Any CPU = Debug|Any CPU
		Release|Any CPU = Release|Any CPU
	EndGlobalSection
	GlobalSection(ProjectConfigurationPlatforms) = postSolution
		{1CAD8464-6CE8-4B6F-BB2A-E32B9D6FF113}.Debug|Any CPU.ActiveCfg = Debug|Any CPU
		{1CAD8464-6CE8-4B6F-BB2A-E32B9D6FF113}.Debug|Any CPU.Build.0 = Debug|Any CPU
		{1CAD8464-6CE8-4B6F-BB2A-E32B9D6FF113}.Release|Any CPU.ActiveCfg = Release|Any CPU
		{1CAD8464-6CE8-4B6F-BB2A-E32B9D6FF113}.Release|Any CPU.Build.0 = Release|Any CPU
	EndGlobalSection
	GlobalSection(SolutionProperties) = preSolution
		HideSolutionNode = FALSE
	EndGlobalSection
	GlobalSection(ExtensibilityGlobals) = postSolution
		SolutionGuid = {62BACFA9-A7E5-4F2E-82D9-5A90CEF51A46}
	EndGlobalSection
EndGlobal
